
Microsoft Visual Studio Solution File, Format Version 12.00
# Visual Studio Version 16
VisualStudioVersion = 16.0.809.10
MinimumVisualStudioVersion = 10.0.40219.1
Project("{2150E333-8FDC-42A3-9474-1A3956D46DE8}") = "Solution Items", "Solution Items", "{F8E46B1C-C2F7-443A-9179-CE1B2252FE63}"
	ProjectSection(SolutionItems) = preProject
		README.md = README.md
	EndProjectSection
EndProject
Project("{FAE04EC0-301F-11D3-BF4B-00C04F79EFBC}") = "TradingToolbox.Trading.Modeler.Data.NoSql.MongoDB.Models", "src\TradingToolbox.Trading.Modeler.Data.NoSql.MongoDB.Models.csproj", "{C45C23C5-0E53-4145-B144-48FFEA7BC293}"
EndProject
Project("{FAE04EC0-301F-11D3-BF4B-00C04F79EFBC}") = "TradingToolbox.Trading.Modeler.Data.NoSql.MongoDB.Models.Tests", "tests\TradingToolbox.Trading.Modeler.Data.NoSql.MongoDB.Models.Tests.csproj", "{AFD7FEC9-31D7-44DA-AEB9-47095AF0DE99}"
EndProject
Global
	GlobalSection(SolutionConfigurationPlatforms) = preSolution
		Debug|Any CPU = Debug|Any CPU
		Release|Any CPU = Release|Any CPU
	EndGlobalSection
	GlobalSection(ProjectConfigurationPlatforms) = postSolution
		{C45C23C5-0E53-4145-B144-48FFEA7BC293}.Debug|Any CPU.ActiveCfg = Debug|Any CPU
		{C45C23C5-0E53-4145-B144-48FFEA7BC293}.Debug|Any CPU.Build.0 = Debug|Any CPU
		{C45C23C5-0E53-4145-B144-48FFEA7BC293}.Release|Any CPU.ActiveCfg = Release|Any CPU
		{C45C23C5-0E53-4145-B144-48FFEA7BC293}.Release|Any CPU.Build.0 = Release|Any CPU
		{AFD7FEC9-31D7-44DA-AEB9-47095AF0DE99}.Debug|Any CPU.ActiveCfg = Debug|Any CPU
		{AFD7FEC9-31D7-44DA-AEB9-47095AF0DE99}.Debug|Any CPU.Build.0 = Debug|Any CPU
		{AFD7FEC9-31D7-44DA-AEB9-47095AF0DE99}.Release|Any CPU.ActiveCfg = Release|Any CPU
		{AFD7FEC9-31D7-44DA-AEB9-47095AF0DE99}.Release|Any CPU.Build.0 = Release|Any CPU
	EndGlobalSection
	GlobalSection(SolutionProperties) = preSolution
		HideSolutionNode = FALSE
	EndGlobalSection
	GlobalSection(ExtensibilityGlobals) = postSolution
		SolutionGuid = {3E815CA9-7B98-4269-B1D0-8CCCD556EB41}
	EndGlobalSection
	GlobalSection(MonoDevelopProperties) = preSolution
		version = 
		Policies = $0
		$0.DotNetNamingPolicy = $1
		$1.DirectoryNamespaceAssociation = PrefixedHierarchical
		$0.TextStylePolicy = $2
		$2.inheritsSet = null
		$2.scope = text/x-csharp
		$0.CSharpFormattingPolicy = $3
		$3.scope = text/x-csharp
		$0.TextStylePolicy = $4
		$4.FileWidth = 80
		$4.TabsToSpaces = True
		$4.scope = text/plain
		$0.StandardHeader = $5
	EndGlobalSection
EndGlobal
